
Microsoft Visual Studio Solution File, Format Version 12.00
Project("{FAE04EC0-301F-11D3-BF4B-00C04F79EFBC}") = "SquareLib", "SquareLib\SquareLib.csproj", "{BABA2A24-E3E5-499F-A489-43E3E7B41D01}"
EndProject
Project("{FAE04EC0-301F-11D3-BF4B-00C04F79EFBC}") = "CalculationTest", "CalculationTest\CalculationTest.csproj", "{B77C860F-694C-4C2E-9EEE-25F16F651AD8}"
EndProject
Global
	GlobalSection(SolutionConfigurationPlatforms) = preSolution
		Debug|Any CPU = Debug|Any CPU
		Release|Any CPU = Release|Any CPU
	EndGlobalSection
	GlobalSection(ProjectConfigurationPlatforms) = postSolution
		{BABA2A24-E3E5-499F-A489-43E3E7B41D01}.Debug|Any CPU.ActiveCfg = Debug|Any CPU
		{BABA2A24-E3E5-499F-A489-43E3E7B41D01}.Debug|Any CPU.Build.0 = Debug|Any CPU
		{BABA2A24-E3E5-499F-A489-43E3E7B41D01}.Release|Any CPU.ActiveCfg = Release|Any CPU
		{BABA2A24-E3E5-499F-A489-43E3E7B41D01}.Release|Any CPU.Build.0 = Release|Any CPU
		{B77C860F-694C-4C2E-9EEE-25F16F651AD8}.Debug|Any CPU.ActiveCfg = Debug|Any CPU
		{B77C860F-694C-4C2E-9EEE-25F16F651AD8}.Debug|Any CPU.Build.0 = Debug|Any CPU
		{B77C860F-694C-4C2E-9EEE-25F16F651AD8}.Release|Any CPU.ActiveCfg = Release|Any CPU
		{B77C860F-694C-4C2E-9EEE-25F16F651AD8}.Release|Any CPU.Build.0 = Release|Any CPU
	EndGlobalSection
EndGlobal
